
Microsoft Visual Studio Solution File, Format Version 12.00
# Visual Studio Version 16
VisualStudioVersion = 16.0.30717.126
MinimumVisualStudioVersion = 10.0.40219.1
Project("{FAE04EC0-301F-11D3-BF4B-00C04F79EFBC}") = "BongDaSo", "BongDaSo\BongDaSo.csproj", "{E02661AA-D62F-407A-A4DD-9569761CAEF9}"
EndProject
Global
	GlobalSection(SolutionConfigurationPlatforms) = preSolution
		Debug|Any CPU = Debug|Any CPU
		Release|Any CPU = Release|Any CPU
	EndGlobalSection
	GlobalSection(ProjectConfigurationPlatforms) = postSolution
		{E02661AA-D62F-407A-A4DD-9569761CAEF9}.Debug|Any CPU.ActiveCfg = Debug|Any CPU
		{E02661AA-D62F-407A-A4DD-9569761CAEF9}.Debug|Any CPU.Build.0 = Debug|Any CPU
		{E02661AA-D62F-407A-A4DD-9569761CAEF9}.Release|Any CPU.ActiveCfg = Release|Any CPU
		{E02661AA-D62F-407A-A4DD-9569761CAEF9}.Release|Any CPU.Build.0 = Release|Any CPU
	EndGlobalSection
	GlobalSection(SolutionProperties) = preSolution
		HideSolutionNode = FALSE
	EndGlobalSection
	GlobalSection(ExtensibilityGlobals) = postSolution
		SolutionGuid = {33C9305C-22B4-4BC8-873F-79537108664D}
	EndGlobalSection
EndGlobal
